github.com/betable/sqlmock v1.0.0 h1:wssNhT8DKgnCvVI38ikXV22ISYyjx6/FDioHTgKLyEs=
github.com/betable/sqlmock v1.0.0/go.mod h1:K4DFj+qsaUjOgr7VYfk6JUwIie8If8zaQMhZyF4rUok=
github.com/go-sql-driver/mysql v1.5.0 h1:ozyZYNQW3x3HtqT1jira07DN2PArx2v7/mN66gGcHOs=
github.com/go-sql-driver/mysql v1.5.0/go.mod h1:DCzpHaOWr8IXmIStZouvnhqoel9Qv2LBy8hT2VhHyBg=
